
Microsoft Visual Studio Solution File, Format Version 12.00
# Visual Studio Version 17
VisualStudioVersion = 17.6.33723.286
MinimumVisualStudioVersion = 10.0.40219.1
Project("{FAE04EC0-301F-11D3-BF4B-00C04F79EFBC}") = "EmployeManagementSystemWidthMongoDb.Api", "EmployeManagementSystemWidthMongoDb.Api\EmployeManagementSystemWidthMongoDb.Api.csproj", "{B679F652-ACAB-44D8-9350-D870B0D0F3A4}"
EndProject
Global
	GlobalSection(SolutionConfigurationPlatforms) = preSolution
		Debug|Any CPU = Debug|Any CPU
		Release|Any CPU = Release|Any CPU
	EndGlobalSection
	GlobalSection(ProjectConfigurationPlatforms) = postSolution
		{B679F652-ACAB-44D8-9350-D870B0D0F3A4}.Debug|Any CPU.ActiveCfg = Debug|Any CPU
		{B679F652-ACAB-44D8-9350-D870B0D0F3A4}.Debug|Any CPU.Build.0 = Debug|Any CPU
		{B679F652-ACAB-44D8-9350-D870B0D0F3A4}.Release|Any CPU.ActiveCfg = Release|Any CPU
		{B679F652-ACAB-44D8-9350-D870B0D0F3A4}.Release|Any CPU.Build.0 = Release|Any CPU
	EndGlobalSection
	GlobalSection(SolutionProperties) = preSolution
		HideSolutionNode = FALSE
	EndGlobalSection
	GlobalSection(ExtensibilityGlobals) = postSolution
		SolutionGuid = {73772869-F81B-4F99-BEFD-174380AFB31D}
	EndGlobalSection
EndGlobal
